// !$*UTF8*$!
{
	archiveVersion = 1;
	classes = {
	};
	objectVersion = 48;
	objects = {

/* Begin PBXBuildFile section */
		A0089CB41FBB1CC600244E29 /* ChatVC.swift in Sources */ = {isa = PBXBuildFile; fileRef = A0089CB31FBB1CC600244E29 /* ChatVC.swift */; };
		A0089CB61FBB1CDB00244E29 /* ChannelVC.swift in Sources */ = {isa = PBXBuildFile; fileRef = A0089CB51FBB1CDB00244E29 /* ChannelVC.swift */; };
		A00B20731FC58FCD00B1214A /* SocketService.swift in Sources */ = {isa = PBXBuildFile; fileRef = A00B20721FC58FCD00B1214A /* SocketService.swift */; };
		A02033041FC31A6A00BCFD37 /* ProfileVC.swift in Sources */ = {isa = PBXBuildFile; fileRef = A02033021FC31A6A00BCFD37 /* ProfileVC.swift */; };
		A02033051FC31A6A00BCFD37 /* ProfileVC.xib in Resources */ = {isa = PBXBuildFile; fileRef = A02033031FC31A6A00BCFD37 /* ProfileVC.xib */; };
		A020882B1FBCE3C100A10C74 /* AuthService.swift in Sources */ = {isa = PBXBuildFile; fileRef = A020882A1FBCE3C100A10C74 /* AuthService.swift */; };
		A020882D1FBCF09A00A10C74 /* RoundedButton.swift in Sources */ = {isa = PBXBuildFile; fileRef = A020882C1FBCF09A00A10C74 /* RoundedButton.swift */; };
		A036539D1FBB32C100E759B4 /* GradientView.swift in Sources */ = {isa = PBXBuildFile; fileRef = A036539C1FBB32C100E759B4 /* GradientView.swift */; };
		A03653A01FBB577700E759B4 /* Constants.swift in Sources */ = {isa = PBXBuildFile; fileRef = A036539F1FBB577700E759B4 /* Constants.swift */; };
		A05FA7A71FBA2A2600B2D35A /* AppDelegate.swift in Sources */ = {isa = PBXBuildFile; fileRef = A05FA7A61FBA2A2600B2D35A /* AppDelegate.swift */; };
		A05FA7AC1FBA2A2600B2D35A /* Main.storyboard in Resources */ = {isa = PBXBuildFile; fileRef = A05FA7AA1FBA2A2600B2D35A /* Main.storyboard */; };
		A05FA7AE1FBA2A2600B2D35A /* Assets.xcassets in Resources */ = {isa = PBXBuildFile; fileRef = A05FA7AD1FBA2A2600B2D35A /* Assets.xcassets */; };
		A05FA7B11FBA2A2600B2D35A /* LaunchScreen.storyboard in Resources */ = {isa = PBXBuildFile; fileRef = A05FA7AF1FBA2A2600B2D35A /* LaunchScreen.storyboard */; };
		A08620711FC2C9AF002EE565 /* UserDataService.swift in Sources */ = {isa = PBXBuildFile; fileRef = A08620701FC2C9AF002EE565 /* UserDataService.swift */; };
		A08620911FC2DD93002EE565 /* AvatarPickerVC.swift in Sources */ = {isa = PBXBuildFile; fileRef = A08620901FC2DD93002EE565 /* AvatarPickerVC.swift */; };
		A08620931FC2E4B4002EE565 /* AvatarCell.swift in Sources */ = {isa = PBXBuildFile; fileRef = A08620921FC2E4B4002EE565 /* AvatarCell.swift */; };
		A08620951FC3017F002EE565 /* CircleImage.swift in Sources */ = {isa = PBXBuildFile; fileRef = A08620941FC3017F002EE565 /* CircleImage.swift */; };
		A0BE0F9F1FC4520000E73E4B /* MessageService.swift in Sources */ = {isa = PBXBuildFile; fileRef = A0BE0F9E1FC4520000E73E4B /* MessageService.swift */; };
		A0BE0FA11FC452AA00E73E4B /* Channel.swift in Sources */ = {isa = PBXBuildFile; fileRef = A0BE0FA01FC452AA00E73E4B /* Channel.swift */; };
		A0BE0FA31FC4820700E73E4B /* ChannelCell.swift in Sources */ = {isa = PBXBuildFile; fileRef = A0BE0FA21FC4820700E73E4B /* ChannelCell.swift */; };
		A0BE0FA61FC48B9400E73E4B /* AddChannelVC.swift in Sources */ = {isa = PBXBuildFile; fileRef = A0BE0FA41FC48B9400E73E4B /* AddChannelVC.swift */; };
		A0BE0FA71FC48B9400E73E4B /* AddChannelVC.xib in Resources */ = {isa = PBXBuildFile; fileRef = A0BE0FA51FC48B9400E73E4B /* AddChannelVC.xib */; };
		A0CC624A1FBC683C007143DF /* LoginVC.swift in Sources */ = {isa = PBXBuildFile; fileRef = A0CC62491FBC683C007143DF /* LoginVC.swift */; };
		A0CC624C1FBC723B007143DF /* SignUpVC.swift in Sources */ = {isa = PBXBuildFile; fileRef = A0CC624B1FBC723B007143DF /* SignUpVC.swift */; };
		A0FD11411FBA39DA00AC726B /* SWRevealViewController.m in Sources */ = {isa = PBXBuildFile; fileRef = A0FD11401FBA39DA00AC726B /* SWRevealViewController.m */; };
		EDEA6D4F7ACB395CEF7AE3FB /* Pods_Smack.framework in Frameworks */ = {isa = PBXBuildFile; fileRef = C86D80D3D0D7B8C5D502E4ED /* Pods_Smack.framework */; };
/* End PBXBuildFile section */

/* Begin PBXFileReference section */
		995D23F1DF7698837E55716F /* Pods-Smack.debug.xcconfig */ = {isa = PBXFileReference; includeInIndex = 1; lastKnownFileType = text.xcconfig; name = "Pods-Smack.debug.xcconfig"; path = "Pods/Target Support Files/Pods-Smack/Pods-Smack.debug.xcconfig"; sourceTree = "<group>"; };
		A0089CB31FBB1CC600244E29 /* ChatVC.swift */ = {isa = PBXFileReference; lastKnownFileType = sourcecode.swift; path = ChatVC.swift; sourceTree = "<group>"; };
		A0089CB51FBB1CDB00244E29 /* ChannelVC.swift */ = {isa = PBXFileReference; lastKnownFileType = sourcecode.swift; path = ChannelVC.swift; sourceTree = "<group>"; };
		A00B20721FC58FCD00B1214A /* SocketService.swift */ = {isa = PBXFileReference; lastKnownFileType = sourcecode.swift; path = SocketService.swift; sourceTree = "<group>"; };
		A02033021FC31A6A00BCFD37 /* ProfileVC.swift */ = {isa = PBXFileReference; lastKnownFileType = sourcecode.swift; path = ProfileVC.swift; sourceTree = "<group>"; };
		A02033031FC31A6A00BCFD37 /* ProfileVC.xib */ = {isa = PBXFileReference; lastKnownFileType = file.xib; path = ProfileVC.xib; sourceTree = "<group>"; };
		A020882A1FBCE3C100A10C74 /* AuthService.swift */ = {isa = PBXFileReference; lastKnownFileType = sourcecode.swift; path = AuthService.swift; sourceTree = "<group>"; };
		A020882C1FBCF09A00A10C74 /* RoundedButton.swift */ = {isa = PBXFileReference; lastKnownFileType = sourcecode.swift; path = RoundedButton.swift; sourceTree = "<group>"; };
		A036539C1FBB32C100E759B4 /* GradientView.swift */ = {isa = PBXFileReference; lastKnownFileType = sourcecode.swift; path = GradientView.swift; sourceTree = "<group>"; };
		A036539F1FBB577700E759B4 /* Constants.swift */ = {isa = PBXFileReference; lastKnownFileType = sourcecode.swift; path = Constants.swift; sourceTree = "<group>"; };
		A05FA7A31FBA2A2600B2D35A /* Smack.app */ = {isa = PBXFileReference; explicitFileType = wrapper.application; includeInIndex = 0; path = Smack.app; sourceTree = BUILT_PRODUCTS_DIR; };
		A05FA7A61FBA2A2600B2D35A /* AppDelegate.swift */ = {isa = PBXFileReference; lastKnownFileType = sourcecode.swift; path = AppDelegate.swift; sourceTree = "<group>"; };
		A05FA7AB1FBA2A2600B2D35A /* Base */ = {isa = PBXFileReference; lastKnownFileType = file.storyboard; name = Base; path = Base.lproj/Main.storyboard; sourceTree = "<group>"; };
		A05FA7AD1FBA2A2600B2D35A /* Assets.xcassets */ = {isa = PBXFileReference; lastKnownFileType = folder.assetcatalog; path = Assets.xcassets; sourceTree = "<group>"; };
		A05FA7B01FBA2A2600B2D35A /* Base */ = {isa = PBXFileReference; lastKnownFileType = file.storyboard; name = Base; path = Base.lproj/LaunchScreen.storyboard; sourceTree = "<group>"; };
		A05FA7B21FBA2A2600B2D35A /* Info.plist */ = {isa = PBXFileReference; lastKnownFileType = text.plist.xml; path = Info.plist; sourceTree = "<group>"; };
		A08620701FC2C9AF002EE565 /* UserDataService.swift */ = {isa = PBXFileReference; lastKnownFileType = sourcecode.swift; path = UserDataService.swift; sourceTree = "<group>"; };
		A08620901FC2DD93002EE565 /* AvatarPickerVC.swift */ = {isa = PBXFileReference; lastKnownFileType = sourcecode.swift; path = AvatarPickerVC.swift; sourceTree = "<group>"; };
		A08620921FC2E4B4002EE565 /* AvatarCell.swift */ = {isa = PBXFileReference; lastKnownFileType = sourcecode.swift; path = AvatarCell.swift; sourceTree = "<group>"; };
		A08620941FC3017F002EE565 /* CircleImage.swift */ = {isa = PBXFileReference; lastKnownFileType = sourcecode.swift; path = CircleImage.swift; sourceTree = "<group>"; };
		A0BE0F9E1FC4520000E73E4B /* MessageService.swift */ = {isa = PBXFileReference; lastKnownFileType = sourcecode.swift; path = MessageService.swift; sourceTree = "<group>"; };
		A0BE0FA01FC452AA00E73E4B /* Channel.swift */ = {isa = PBXFileReference; lastKnownFileType = sourcecode.swift; path = Channel.swift; sourceTree = "<group>"; };
		A0BE0FA21FC4820700E73E4B /* ChannelCell.swift */ = {isa = PBXFileReference; lastKnownFileType = sourcecode.swift; path = ChannelCell.swift; sourceTree = "<group>"; };
		A0BE0FA41FC48B9400E73E4B /* AddChannelVC.swift */ = {isa = PBXFileReference; lastKnownFileType = sourcecode.swift; path = AddChannelVC.swift; sourceTree = "<group>"; };
		A0BE0FA51FC48B9400E73E4B /* AddChannelVC.xib */ = {isa = PBXFileReference; lastKnownFileType = file.xib; path = AddChannelVC.xib; sourceTree = "<group>"; };
		A0CC62491FBC683C007143DF /* LoginVC.swift */ = {isa = PBXFileReference; lastKnownFileType = sourcecode.swift; path = LoginVC.swift; sourceTree = "<group>"; };
		A0CC624B1FBC723B007143DF /* SignUpVC.swift */ = {isa = PBXFileReference; lastKnownFileType = sourcecode.swift; path = SignUpVC.swift; sourceTree = "<group>"; };
		A0FD113E1FBA39D900AC726B /* Smack-Bridging-Header.h */ = {isa = PBXFileReference; lastKnownFileType = sourcecode.c.h; path = "Smack-Bridging-Header.h"; sourceTree = "<group>"; };
		A0FD113F1FBA39DA00AC726B /* SWRevealViewController.h */ = {isa = PBXFileReference; fileEncoding = 4; lastKnownFileType = sourcecode.c.h; path = SWRevealViewController.h; sourceTree = "<group>"; };
		A0FD11401FBA39DA00AC726B /* SWRevealViewController.m */ = {isa = PBXFileReference; fileEncoding = 4; lastKnownFileType = sourcecode.c.objc; path = SWRevealViewController.m; sourceTree = "<group>"; };
		C86D80D3D0D7B8C5D502E4ED /* Pods_Smack.framework */ = {isa = PBXFileReference; explicitFileType = wrapper.framework; includeInIndex = 0; path = Pods_Smack.framework; sourceTree = BUILT_PRODUCTS_DIR; };
		D1D2835664FE64032EED5239 /* Pods-Smack.release.xcconfig */ = {isa = PBXFileReference; includeInIndex = 1; lastKnownFileType = text.xcconfig; name = "Pods-Smack.release.xcconfig"; path = "Pods/Target Support Files/Pods-Smack/Pods-Smack.release.xcconfig"; sourceTree = "<group>"; };
/* End PBXFileReference section */

/* Begin PBXFrameworksBuildPhase section */
		A05FA7A01FBA2A2600B2D35A /* Frameworks */ = {
			isa = PBXFrameworksBuildPhase;
			buildActionMask = 2147483647;
			files = (
				EDEA6D4F7ACB395CEF7AE3FB /* Pods_Smack.framework in Frameworks */,
			);
			runOnlyForDeploymentPostprocessing = 0;
		};
/* End PBXFrameworksBuildPhase section */

/* Begin PBXGroup section */
		2B61AFC19094041D30F81E0A /* Pods */ = {
			isa = PBXGroup;
			children = (
				995D23F1DF7698837E55716F /* Pods-Smack.debug.xcconfig */,
				D1D2835664FE64032EED5239 /* Pods-Smack.release.xcconfig */,
			);
			name = Pods;
			sourceTree = "<group>";
		};
		A0089CB01FBB1C8300244E29 /* Controller */ = {
			isa = PBXGroup;
			children = (
				A0089CB31FBB1CC600244E29 /* ChatVC.swift */,
				A0089CB51FBB1CDB00244E29 /* ChannelVC.swift */,
				A0CC62491FBC683C007143DF /* LoginVC.swift */,
				A0CC624B1FBC723B007143DF /* SignUpVC.swift */,
				A08620901FC2DD93002EE565 /* AvatarPickerVC.swift */,
				A02033021FC31A6A00BCFD37 /* ProfileVC.swift */,
				A0BE0FA41FC48B9400E73E4B /* AddChannelVC.swift */,
			);
			path = Controller;
			sourceTree = "<group>";
		};
		A0089CB11FBB1C8900244E29 /* View */ = {
			isa = PBXGroup;
			children = (
				A036539C1FBB32C100E759B4 /* GradientView.swift */,
				A020882C1FBCF09A00A10C74 /* RoundedButton.swift */,
				A08620921FC2E4B4002EE565 /* AvatarCell.swift */,
				A08620941FC3017F002EE565 /* CircleImage.swift */,
				A0BE0FA21FC4820700E73E4B /* ChannelCell.swift */,
			);
			path = View;
			sourceTree = "<group>";
		};
		A0089CB21FBB1C8E00244E29 /* Model */ = {
			isa = PBXGroup;
			children = (
				A0BE0FA01FC452AA00E73E4B /* Channel.swift */,
			);
			path = Model;
			sourceTree = "<group>";
		};
		A02033061FC31A7F00BCFD37 /* XIBs */ = {
			isa = PBXGroup;
			children = (
				A02033031FC31A6A00BCFD37 /* ProfileVC.xib */,
				A0BE0FA51FC48B9400E73E4B /* AddChannelVC.xib */,
			);
			path = XIBs;
			sourceTree = "<group>";
		};
		A02088291FBCE3A600A10C74 /* Services */ = {
			isa = PBXGroup;
			children = (
				A020882A1FBCE3C100A10C74 /* AuthService.swift */,
				A08620701FC2C9AF002EE565 /* UserDataService.swift */,
				A0BE0F9E1FC4520000E73E4B /* MessageService.swift */,
				A00B20721FC58FCD00B1214A /* SocketService.swift */,
			);
			path = Services;
			sourceTree = "<group>";
		};
		A036539E1FBB576000E759B4 /* Utilities */ = {
			isa = PBXGroup;
			children = (
				A036539F1FBB577700E759B4 /* Constants.swift */,
			);
			path = Utilities;
			sourceTree = "<group>";
		};
		A05FA79A1FBA2A2600B2D35A = {
			isa = PBXGroup;
			children = (
				A0FD113D1FBA399900AC726B /* Supporting Files */,
				A05FA7A51FBA2A2600B2D35A /* Smack */,
				A05FA7A41FBA2A2600B2D35A /* Products */,
				2B61AFC19094041D30F81E0A /* Pods */,
				FED8D01C81660A20F7C9FB07 /* Frameworks */,
			);
			sourceTree = "<group>";
		};
		A05FA7A41FBA2A2600B2D35A /* Products */ = {
			isa = PBXGroup;
			children = (
				A05FA7A31FBA2A2600B2D35A /* Smack.app */,
			);
			name = Products;
			sourceTree = "<group>";
		};
		A05FA7A51FBA2A2600B2D35A /* Smack */ = {
			isa = PBXGroup;
			children = (
				A02033061FC31A7F00BCFD37 /* XIBs */,
				A02088291FBCE3A600A10C74 /* Services */,
				A036539E1FBB576000E759B4 /* Utilities */,
				A0089CB21FBB1C8E00244E29 /* Model */,
				A0089CB11FBB1C8900244E29 /* View */,
				A0089CB01FBB1C8300244E29 /* Controller */,
				A05FA7A61FBA2A2600B2D35A /* AppDelegate.swift */,
				A05FA7AA1FBA2A2600B2D35A /* Main.storyboard */,
				A05FA7AD1FBA2A2600B2D35A /* Assets.xcassets */,
				A05FA7AF1FBA2A2600B2D35A /* LaunchScreen.storyboard */,
				A05FA7B21FBA2A2600B2D35A /* Info.plist */,
			);
			path = Smack;
			sourceTree = "<group>";
		};
		A0FD113D1FBA399900AC726B /* Supporting Files */ = {
			isa = PBXGroup;
			children = (
				A0FD113F1FBA39DA00AC726B /* SWRevealViewController.h */,
				A0FD11401FBA39DA00AC726B /* SWRevealViewController.m */,
				A0FD113E1FBA39D900AC726B /* Smack-Bridging-Header.h */,
			);
			path = "Supporting Files";
			sourceTree = "<group>";
		};
		FED8D01C81660A20F7C9FB07 /* Frameworks */ = {
			isa = PBXGroup;
			children = (
				C86D80D3D0D7B8C5D502E4ED /* Pods_Smack.framework */,
			);
			name = Frameworks;
			sourceTree = "<group>";
		};
/* End PBXGroup section */

/* Begin PBXNativeTarget section */
		A05FA7A21FBA2A2600B2D35A /* Smack */ = {
			isa = PBXNativeTarget;
			buildConfigurationList = A05FA7B51FBA2A2600B2D35A /* Build configuration list for PBXNativeTarget "Smack" */;
			buildPhases = (
				F07F6DDDBFFCB93C84752430 /* [CP] Check Pods Manifest.lock */,
				A05FA79F1FBA2A2600B2D35A /* Sources */,
				A05FA7A01FBA2A2600B2D35A /* Frameworks */,
				A05FA7A11FBA2A2600B2D35A /* Resources */,
				8C0E59BFF14B27CEA626681F /* [CP] Embed Pods Frameworks */,
				0C889C73250CB588447285DF /* [CP] Copy Pods Resources */,
			);
			buildRules = (
			);
			dependencies = (
			);
			name = Smack;
			productName = Smack;
			productReference = A05FA7A31FBA2A2600B2D35A /* Smack.app */;
			productType = "com.apple.product-type.application";
		};
/* End PBXNativeTarget section */

/* Begin PBXProject section */
		A05FA79B1FBA2A2600B2D35A /* Project object */ = {
			isa = PBXProject;
			attributes = {
				LastSwiftUpdateCheck = 0910;
				LastUpgradeCheck = 0910;
				ORGANIZATIONNAME = Mohsadat;
				TargetAttributes = {
					A05FA7A21FBA2A2600B2D35A = {
						CreatedOnToolsVersion = 9.1;
						LastSwiftMigration = 0910;
						ProvisioningStyle = Automatic;
					};
				};
			};
			buildConfigurationList = A05FA79E1FBA2A2600B2D35A /* Build configuration list for PBXProject "Smack" */;
			compatibilityVersion = "Xcode 8.0";
			developmentRegion = en;
			hasScannedForEncodings = 0;
			knownRegions = (
				en,
				Base,
			);
			mainGroup = A05FA79A1FBA2A2600B2D35A;
			productRefGroup = A05FA7A41FBA2A2600B2D35A /* Products */;
			projectDirPath = "";
			projectRoot = "";
			targets = (
				A05FA7A21FBA2A2600B2D35A /* Smack */,
			);
		};
/* End PBXProject section */

/* Begin PBXResourcesBuildPhase section */
		A05FA7A11FBA2A2600B2D35A /* Resources */ = {
			isa = PBXResourcesBuildPhase;
			buildActionMask = 2147483647;
			files = (
				A0BE0FA71FC48B9400E73E4B /* AddChannelVC.xib in Resources */,
				A02033051FC31A6A00BCFD37 /* ProfileVC.xib in Resources */,
				A05FA7B11FBA2A2600B2D35A /* LaunchScreen.storyboard in Resources */,
				A05FA7AE1FBA2A2600B2D35A /* Assets.xcassets in Resources */,
				A05FA7AC1FBA2A2600B2D35A /* Main.storyboard in Resources */,
			);
			runOnlyForDeploymentPostprocessing = 0;
		};
/* End PBXResourcesBuildPhase section */

/* Begin PBXShellScriptBuildPhase section */
		0C889C73250CB588447285DF /* [CP] Copy Pods Resources */ = {
			isa = PBXShellScriptBuildPhase;
			buildActionMask = 2147483647;
			files = (
			);
			inputPaths = (
			);
			name = "[CP] Copy Pods Resources";
			outputPaths = (
			);
			runOnlyForDeploymentPostprocessing = 0;
			shellPath = /bin/sh;
			shellScript = "\"${SRCROOT}/Pods/Target Support Files/Pods-Smack/Pods-Smack-resources.sh\"\n";
			showEnvVarsInLog = 0;
		};
		8C0E59BFF14B27CEA626681F /* [CP] Embed Pods Frameworks */ = {
			isa = PBXShellScriptBuildPhase;
			buildActionMask = 2147483647;
			files = (
			);
			inputPaths = (
			);
			name = "[CP] Embed Pods Frameworks";
			outputPaths = (
			);
			runOnlyForDeploymentPostprocessing = 0;
			shellPath = /bin/sh;
			shellScript = "\"${SRCROOT}/Pods/Target Support Files/Pods-Smack/Pods-Smack-frameworks.sh\"\n";
			showEnvVarsInLog = 0;
		};
		F07F6DDDBFFCB93C84752430 /* [CP] Check Pods Manifest.lock */ = {
			isa = PBXShellScriptBuildPhase;
			buildActionMask = 2147483647;
			files = (
			);
			inputPaths = (
			);
			name = "[CP] Check Pods Manifest.lock";
			outputPaths = (
			);
			runOnlyForDeploymentPostprocessing = 0;
			shellPath = /bin/sh;
			shellScript = "diff \"${PODS_ROOT}/../Podfile.lock\" \"${PODS_ROOT}/Manifest.lock\" > /dev/null\nif [ $? != 0 ] ; then\n    # print error to STDERR\n    echo \"error: The sandbox is not in sync with the Podfile.lock. Run 'pod install' or update your CocoaPods installation.\" >&2\n    exit 1\nfi\n";
			showEnvVarsInLog = 0;
		};
/* End PBXShellScriptBuildPhase section */

/* Begin PBXSourcesBuildPhase section */
		A05FA79F1FBA2A2600B2D35A /* Sources */ = {
			isa = PBXSourcesBuildPhase;
			buildActionMask = 2147483647;
			files = (
				A00B20731FC58FCD00B1214A /* SocketService.swift in Sources */,
				A02033041FC31A6A00BCFD37 /* ProfileVC.swift in Sources */,
				A0BE0FA31FC4820700E73E4B /* ChannelCell.swift in Sources */,
				A0CC624C1FBC723B007143DF /* SignUpVC.swift in Sources */,
				A08620911FC2DD93002EE565 /* AvatarPickerVC.swift in Sources */,
				A020882D1FBCF09A00A10C74 /* RoundedButton.swift in Sources */,
				A0BE0FA11FC452AA00E73E4B /* Channel.swift in Sources */,
				A08620951FC3017F002EE565 /* CircleImage.swift in Sources */,
				A0BE0F9F1FC4520000E73E4B /* MessageService.swift in Sources */,
				A0089CB61FBB1CDB00244E29 /* ChannelVC.swift in Sources */,
				A08620711FC2C9AF002EE565 /* UserDataService.swift in Sources */,
				A0089CB41FBB1CC600244E29 /* ChatVC.swift in Sources */,
				A020882B1FBCE3C100A10C74 /* AuthService.swift in Sources */,
				A0CC624A1FBC683C007143DF /* LoginVC.swift in Sources */,
				A0BE0FA61FC48B9400E73E4B /* AddChannelVC.swift in Sources */,
				A036539D1FBB32C100E759B4 /* GradientView.swift in Sources */,
				A08620931FC2E4B4002EE565 /* AvatarCell.swift in Sources */,
				A05FA7A71FBA2A2600B2D35A /* AppDelegate.swift in Sources */,
				A0FD11411FBA39DA00AC726B /* SWRevealViewController.m in Sources */,
				A03653A01FBB577700E759B4 /* Constants.swift in Sources */,
			);
			runOnlyForDeploymentPostprocessing = 0;
		};
/* End PBXSourcesBuildPhase section */

/* Begin PBXVariantGroup section */
		A05FA7AA1FBA2A2600B2D35A /* Main.storyboard */ = {
			isa = PBXVariantGroup;
			children = (
				A05FA7AB1FBA2A2600B2D35A /* Base */,
			);
			name = Main.storyboard;
			sourceTree = "<group>";
		};
		A05FA7AF1FBA2A2600B2D35A /* LaunchScreen.storyboard */ = {
			isa = PBXVariantGroup;
			children = (
				A05FA7B01FBA2A2600B2D35A /* Base */,
			);
			name = LaunchScreen.storyboard;
			sourceTree = "<group>";
		};
/* End PBXVariantGroup section */

/* Begin XCBuildConfiguration section */
		A05FA7B31FBA2A2600B2D35A /* Debug */ = {
			isa = XCBuildConfiguration;
			buildSettings = {
				ALWAYS_SEARCH_USER_PATHS = NO;
				CLANG_ANALYZER_NONNULL = YES;
				CLANG_ANALYZER_NUMBER_OBJECT_CONVERSION = YES_AGGRESSIVE;
				CLANG_CXX_LANGUAGE_STANDARD = "gnu++14";
				CLANG_CXX_LIBRARY = "libc++";
				CLANG_ENABLE_MODULES = YES;
				CLANG_ENABLE_OBJC_ARC = YES;
				CLANG_WARN_BLOCK_CAPTURE_AUTORELEASING = YES;
				CLANG_WARN_BOOL_CONVERSION = YES;
				CLANG_WARN_COMMA = YES;
				CLANG_WARN_CONSTANT_CONVERSION = YES;
				CLANG_WARN_DIRECT_OBJC_ISA_USAGE = YES_ERROR;
				CLANG_WARN_DOCUMENTATION_COMMENTS = YES;
				CLANG_WARN_EMPTY_BODY = YES;
				CLANG_WARN_ENUM_CONVERSION = YES;
				CLANG_WARN_INFINITE_RECURSION = YES;
				CLANG_WARN_INT_CONVERSION = YES;
				CLANG_WARN_NON_LITERAL_NULL_CONVERSION = YES;
				CLANG_WARN_OBJC_LITERAL_CONVERSION = YES;
				CLANG_WARN_OBJC_ROOT_CLASS = YES_ERROR;
				CLANG_WARN_RANGE_LOOP_ANALYSIS = YES;
				CLANG_WARN_STRICT_PROTOTYPES = YES;
				CLANG_WARN_SUSPICIOUS_MOVE = YES;
				CLANG_WARN_UNGUARDED_AVAILABILITY = YES_AGGRESSIVE;
				CLANG_WARN_UNREACHABLE_CODE = YES;
				CLANG_WARN__DUPLICATE_METHOD_MATCH = YES;
				CODE_SIGN_IDENTITY = "iPhone Developer";
				COPY_PHASE_STRIP = NO;
				DEBUG_INFORMATION_FORMAT = dwarf;
				ENABLE_STRICT_OBJC_MSGSEND = YES;
				ENABLE_TESTABILITY = YES;
				GCC_C_LANGUAGE_STANDARD = gnu11;
				GCC_DYNAMIC_NO_PIC = NO;
				GCC_NO_COMMON_BLOCKS = YES;
				GCC_OPTIMIZATION_LEVEL = 0;
				GCC_PREPROCESSOR_DEFINITIONS = (
					"DEBUG=1",
					"$(inherited)",
				);
				GCC_WARN_64_TO_32_BIT_CONVERSION = YES;
				GCC_WARN_ABOUT_RETURN_TYPE = YES_ERROR;
				GCC_WARN_UNDECLARED_SELECTOR = YES;
				GCC_WARN_UNINITIALIZED_AUTOS = YES_AGGRESSIVE;
				GCC_WARN_UNUSED_FUNCTION = YES;
				GCC_WARN_UNUSED_VARIABLE = YES;
				IPHONEOS_DEPLOYMENT_TARGET = 11.1;
				MTL_ENABLE_DEBUG_INFO = YES;
				ONLY_ACTIVE_ARCH = YES;
				SDKROOT = iphoneos;
				SWIFT_ACTIVE_COMPILATION_CONDITIONS = DEBUG;
				SWIFT_OPTIMIZATION_LEVEL = "-Onone";
			};
			name = Debug;
		};
		A05FA7B41FBA2A2600B2D35A /* Release */ = {
			isa = XCBuildConfiguration;
			buildSettings = {
				ALWAYS_SEARCH_USER_PATHS = NO;
				CLANG_ANALYZER_NONNULL = YES;
				CLANG_ANALYZER_NUMBER_OBJECT_CONVERSION = YES_AGGRESSIVE;
				CLANG_CXX_LANGUAGE_STANDARD = "gnu++14";
				CLANG_CXX_LIBRARY = "libc++";
				CLANG_ENABLE_MODULES = YES;
				CLANG_ENABLE_OBJC_ARC = YES;
				CLANG_WARN_BLOCK_CAPTURE_AUTORELEASING = YES;
				CLANG_WARN_BOOL_CONVERSION = YES;
				CLANG_WARN_COMMA = YES;
				CLANG_WARN_CONSTANT_CONVERSION = YES;
				CLANG_WARN_DIRECT_OBJC_ISA_USAGE = YES_ERROR;
				CLANG_WARN_DOCUMENTATION_COMMENTS = YES;
				CLANG_WARN_EMPTY_BODY = YES;
				CLANG_WARN_ENUM_CONVERSION = YES;
				CLANG_WARN_INFINITE_RECURSION = YES;
				CLANG_WARN_INT_CONVERSION = YES;
				CLANG_WARN_NON_LITERAL_NULL_CONVERSION = YES;
				CLANG_WARN_OBJC_LITERAL_CONVERSION = YES;
				CLANG_WARN_OBJC_ROOT_CLASS = YES_ERROR;
				CLANG_WARN_RANGE_LOOP_ANALYSIS = YES;
				CLANG_WARN_STRICT_PROTOTYPES = YES;
				CLANG_WARN_SUSPICIOUS_MOVE = YES;
				CLANG_WARN_UNGUARDED_AVAILABILITY = YES_AGGRESSIVE;
				CLANG_WARN_UNREACHABLE_CODE = YES;
				CLANG_WARN__DUPLICATE_METHOD_MATCH = YES;
				CODE_SIGN_IDENTITY = "iPhone Developer";
				COPY_PHASE_STRIP = NO;
				DEBUG_INFORMATION_FORMAT = "dwarf-with-dsym";
				ENABLE_NS_ASSERTIONS = NO;
				ENABLE_STRICT_OBJC_MSGSEND = YES;
				GCC_C_LANGUAGE_STANDARD = gnu11;
				GCC_NO_COMMON_BLOCKS = YES;
				GCC_WARN_64_TO_32_BIT_CONVERSION = YES;
				GCC_WARN_ABOUT_RETURN_TYPE = YES_ERROR;
				GCC_WARN_UNDECLARED_SELECTOR = YES;
				GCC_WARN_UNINITIALIZED_AUTOS = YES_AGGRESSIVE;
				GCC_WARN_UNUSED_FUNCTION = YES;
				GCC_WARN_UNUSED_VARIABLE = YES;
				IPHONEOS_DEPLOYMENT_TARGET = 11.1;
				MTL_ENABLE_DEBUG_INFO = NO;
				SDKROOT = iphoneos;
				SWIFT_OPTIMIZATION_LEVEL = "-Owholemodule";
				VALIDATE_PRODUCT = YES;
			};
			name = Release;
		};
		A05FA7B61FBA2A2600B2D35A /* Debug */ = {
			isa = XCBuildConfiguration;
			baseConfigurationReference = 995D23F1DF7698837E55716F /* Pods-Smack.debug.xcconfig */;
			buildSettings = {
				ASSETCATALOG_COMPILER_APPICON_NAME = AppIcon;
				CLANG_ENABLE_MODULES = YES;
				CODE_SIGN_STYLE = Automatic;
				DEVELOPMENT_TEAM = JBD2W62Q7B;
				INFOPLIST_FILE = Smack/Info.plist;
				LD_RUNPATH_SEARCH_PATHS = "$(inherited) @executable_path/Frameworks";
				PRODUCT_BUNDLE_IDENTIFIER = com.mohsadat.Smack;
				PRODUCT_NAME = "$(TARGET_NAME)";
				SWIFT_OBJC_BRIDGING_HEADER = "Supporting Files/Smack-Bridging-Header.h";
				SWIFT_OPTIMIZATION_LEVEL = "-Onone";
				SWIFT_VERSION = 4.0;
				TARGETED_DEVICE_FAMILY = "1,2";
			};
			name = Debug;
		};
		A05FA7B71FBA2A2600B2D35A /* Release */ = {
			isa = XCBuildConfiguration;
			baseConfigurationReference = D1D2835664FE64032EED5239 /* Pods-Smack.release.xcconfig */;
			buildSettings = {
				ASSETCATALOG_COMPILER_APPICON_NAME = AppIcon;
				CLANG_ENABLE_MODULES = YES;
				CODE_SIGN_STYLE = Automatic;
				DEVELOPMENT_TEAM = JBD2W62Q7B;
				INFOPLIST_FILE = Smack/Info.plist;
				LD_RUNPATH_SEARCH_PATHS = "$(inherited) @executable_path/Frameworks";
				PRODUCT_BUNDLE_IDENTIFIER = com.mohsadat.Smack;
				PRODUCT_NAME = "$(TARGET_NAME)";
				SWIFT_OBJC_BRIDGING_HEADER = "Supporting Files/Smack-Bridging-Header.h";
				SWIFT_VERSION = 4.0;
				TARGETED_DEVICE_FAMILY = "1,2";
			};
			name = Release;
		};
/* End XCBuildConfiguration section */

/* Begin XCConfigurationList section */
		A05FA79E1FBA2A2600B2D35A /* Build configuration list for PBXProject "Smack" */ = {
			isa = XCConfigurationList;
			buildConfigurations = (
				A05FA7B31FBA2A2600B2D35A /* Debug */,
				A05FA7B41FBA2A2600B2D35A /* Release */,
			);
			defaultConfigurationIsVisible = 0;
			defaultConfigurationName = Release;
		};
		A05FA7B51FBA2A2600B2D35A /* Build configuration list for PBXNativeTarget "Smack" */ = {
			isa = XCConfigurationList;
			buildConfigurations = (
				A05FA7B61FBA2A2600B2D35A /* Debug */,
				A05FA7B71FBA2A2600B2D35A /* Release */,
			);
			defaultConfigurationIsVisible = 0;
			defaultConfigurationName = Release;
		};
/* End XCConfigurationList section */
	};
	rootObject = A05FA79B1FBA2A2600B2D35A /* Project object */;
}
